// !$*UTF8*$!
{
	archiveVersion = 1;
	classes = {
	};
	objectVersion = 51;
	objects = {

/* Begin PBXBuildFile section */
		5076777F26BB22FF00E4EF9A /* StatsCountryItem.swift in Sources */ = {isa = PBXBuildFile; fileRef = 5076777E26BB22FF00E4EF9A /* StatsCountryItem.swift */; };
		507CC20E26A76481001A809A /* AppDelegate.swift in Sources */ = {isa = PBXBuildFile; fileRef = 507CC20D26A76481001A809A /* AppDelegate.swift */; };
		507CC21026A76481001A809A /* SceneDelegate.swift in Sources */ = {isa = PBXBuildFile; fileRef = 507CC20F26A76481001A809A /* SceneDelegate.swift */; };
		507CC21526A76481001A809A /* Main.storyboard in Resources */ = {isa = PBXBuildFile; fileRef = 507CC21326A76481001A809A /* Main.storyboard */; };
		507CC21826A76481001A809A /* Covid_19_Status.xcdatamodeld in Sources */ = {isa = PBXBuildFile; fileRef = 507CC21626A76481001A809A /* Covid_19_Status.xcdatamodeld */; };
		507CC21A26A76484001A809A /* Assets.xcassets in Resources */ = {isa = PBXBuildFile; fileRef = 507CC21926A76484001A809A /* Assets.xcassets */; };
		507CC21D26A76484001A809A /* LaunchScreen.storyboard in Resources */ = {isa = PBXBuildFile; fileRef = 507CC21B26A76484001A809A /* LaunchScreen.storyboard */; };
		50F0F44826ACBD5000CBCC74 /* BaseTableViewController.swift in Sources */ = {isa = PBXBuildFile; fileRef = 50F0F44726ACBD5000CBCC74 /* BaseTableViewController.swift */; };
		50F0F44A26ACBD7800CBCC74 /* BaseViewController.swift in Sources */ = {isa = PBXBuildFile; fileRef = 50F0F44926ACBD7800CBCC74 /* BaseViewController.swift */; };
		50F0F44C26ACBE0100CBCC74 /* CountriesViewController.swift in Sources */ = {isa = PBXBuildFile; fileRef = 50F0F44B26ACBE0100CBCC74 /* CountriesViewController.swift */; };
		50F0F44E26ACBE4400CBCC74 /* CountryItem.swift in Sources */ = {isa = PBXBuildFile; fileRef = 50F0F44D26ACBE4400CBCC74 /* CountryItem.swift */; };
		50F0F45026ACBF0B00CBCC74 /* RealmService.swift in Sources */ = {isa = PBXBuildFile; fileRef = 50F0F44F26ACBF0B00CBCC74 /* RealmService.swift */; };
		50F0F45226ACC08900CBCC74 /* CountryTableViewCell.swift in Sources */ = {isa = PBXBuildFile; fileRef = 50F0F45126ACC08900CBCC74 /* CountryTableViewCell.swift */; };
		50F0F45426ACC6A300CBCC74 /* CovidStatusViewController.swift in Sources */ = {isa = PBXBuildFile; fileRef = 50F0F45326ACC6A300CBCC74 /* CovidStatusViewController.swift */; };
		50F0F45626B8163600CBCC74 /* CountryService.swift in Sources */ = {isa = PBXBuildFile; fileRef = 50F0F45526B8163600CBCC74 /* CountryService.swift */; };
		50F0F45826B8165A00CBCC74 /* NetworkService.swift in Sources */ = {isa = PBXBuildFile; fileRef = 50F0F45726B8165A00CBCC74 /* NetworkService.swift */; };
		50F0F45A26B8167600CBCC74 /* CountryParser.swift in Sources */ = {isa = PBXBuildFile; fileRef = 50F0F45926B8167600CBCC74 /* CountryParser.swift */; };
		9B29A8ED26B92729007561A8 /* FavoriteCountriesViewController.swift in Sources */ = {isa = PBXBuildFile; fileRef = 9B29A8EC26B92729007561A8 /* FavoriteCountriesViewController.swift */; };
		B01E16755E0BBB4A69A7E77D /* Pods_Covid_19_Status.framework in Frameworks */ = {isa = PBXBuildFile; fileRef = 66832F73F6BBF40B9147D953 /* Pods_Covid_19_Status.framework */; };
/* End PBXBuildFile section */

/* Begin PBXFileReference section */
		5076777E26BB22FF00E4EF9A /* StatsCountryItem.swift */ = {isa = PBXFileReference; lastKnownFileType = sourcecode.swift; path = StatsCountryItem.swift; sourceTree = "<group>"; };
		507CC20A26A76481001A809A /* Covid-19-Status.app */ = {isa = PBXFileReference; explicitFileType = wrapper.application; includeInIndex = 0; path = "Covid-19-Status.app"; sourceTree = BUILT_PRODUCTS_DIR; };
		507CC20D26A76481001A809A /* AppDelegate.swift */ = {isa = PBXFileReference; lastKnownFileType = sourcecode.swift; path = AppDelegate.swift; sourceTree = "<group>"; };
		507CC20F26A76481001A809A /* SceneDelegate.swift */ = {isa = PBXFileReference; lastKnownFileType = sourcecode.swift; path = SceneDelegate.swift; sourceTree = "<group>"; };
		507CC21426A76481001A809A /* Base */ = {isa = PBXFileReference; lastKnownFileType = file.storyboard; name = Base; path = Base.lproj/Main.storyboard; sourceTree = "<group>"; };
		507CC21726A76481001A809A /* Covid_19_Status.xcdatamodel */ = {isa = PBXFileReference; lastKnownFileType = wrapper.xcdatamodel; path = Covid_19_Status.xcdatamodel; sourceTree = "<group>"; };
		507CC21926A76484001A809A /* Assets.xcassets */ = {isa = PBXFileReference; lastKnownFileType = folder.assetcatalog; path = Assets.xcassets; sourceTree = "<group>"; };
		507CC21C26A76484001A809A /* Base */ = {isa = PBXFileReference; lastKnownFileType = file.storyboard; name = Base; path = Base.lproj/LaunchScreen.storyboard; sourceTree = "<group>"; };
		507CC21E26A76484001A809A /* Info.plist */ = {isa = PBXFileReference; lastKnownFileType = text.plist.xml; path = Info.plist; sourceTree = "<group>"; };
		50F0F44726ACBD5000CBCC74 /* BaseTableViewController.swift */ = {isa = PBXFileReference; lastKnownFileType = sourcecode.swift; path = BaseTableViewController.swift; sourceTree = "<group>"; };
		50F0F44926ACBD7800CBCC74 /* BaseViewController.swift */ = {isa = PBXFileReference; lastKnownFileType = sourcecode.swift; path = BaseViewController.swift; sourceTree = "<group>"; };
		50F0F44B26ACBE0100CBCC74 /* CountriesViewController.swift */ = {isa = PBXFileReference; lastKnownFileType = sourcecode.swift; path = CountriesViewController.swift; sourceTree = "<group>"; };
		50F0F44D26ACBE4400CBCC74 /* CountryItem.swift */ = {isa = PBXFileReference; lastKnownFileType = sourcecode.swift; path = CountryItem.swift; sourceTree = "<group>"; };
		50F0F44F26ACBF0B00CBCC74 /* RealmService.swift */ = {isa = PBXFileReference; lastKnownFileType = sourcecode.swift; path = RealmService.swift; sourceTree = "<group>"; };
		50F0F45126ACC08900CBCC74 /* CountryTableViewCell.swift */ = {isa = PBXFileReference; lastKnownFileType = sourcecode.swift; path = CountryTableViewCell.swift; sourceTree = "<group>"; };
		50F0F45326ACC6A300CBCC74 /* CovidStatusViewController.swift */ = {isa = PBXFileReference; lastKnownFileType = sourcecode.swift; path = CovidStatusViewController.swift; sourceTree = "<group>"; };
		50F0F45526B8163600CBCC74 /* CountryService.swift */ = {isa = PBXFileReference; lastKnownFileType = sourcecode.swift; path = CountryService.swift; sourceTree = "<group>"; };
		50F0F45726B8165A00CBCC74 /* NetworkService.swift */ = {isa = PBXFileReference; lastKnownFileType = sourcecode.swift; path = NetworkService.swift; sourceTree = "<group>"; };
		50F0F45926B8167600CBCC74 /* CountryParser.swift */ = {isa = PBXFileReference; lastKnownFileType = sourcecode.swift; path = CountryParser.swift; sourceTree = "<group>"; };
		66832F73F6BBF40B9147D953 /* Pods_Covid_19_Status.framework */ = {isa = PBXFileReference; explicitFileType = wrapper.framework; includeInIndex = 0; path = Pods_Covid_19_Status.framework; sourceTree = BUILT_PRODUCTS_DIR; };
		7990310A82F7699060218BE8 /* Pods-Covid-19-Status.release.xcconfig */ = {isa = PBXFileReference; includeInIndex = 1; lastKnownFileType = text.xcconfig; name = "Pods-Covid-19-Status.release.xcconfig"; path = "Target Support Files/Pods-Covid-19-Status/Pods-Covid-19-Status.release.xcconfig"; sourceTree = "<group>"; };
		9B29A8EC26B92729007561A8 /* FavoriteCountriesViewController.swift */ = {isa = PBXFileReference; lastKnownFileType = sourcecode.swift; path = FavoriteCountriesViewController.swift; sourceTree = "<group>"; };
		C473BBDC9DEFCE6E4DBF4A39 /* Pods-Covid-19-Status.debug.xcconfig */ = {isa = PBXFileReference; includeInIndex = 1; lastKnownFileType = text.xcconfig; name = "Pods-Covid-19-Status.debug.xcconfig"; path = "Target Support Files/Pods-Covid-19-Status/Pods-Covid-19-Status.debug.xcconfig"; sourceTree = "<group>"; };
/* End PBXFileReference section */

/* Begin PBXFrameworksBuildPhase section */
		507CC20726A76481001A809A /* Frameworks */ = {
			isa = PBXFrameworksBuildPhase;
			buildActionMask = 2147483647;
			files = (
				B01E16755E0BBB4A69A7E77D /* Pods_Covid_19_Status.framework in Frameworks */,
			);
			runOnlyForDeploymentPostprocessing = 0;
		};
/* End PBXFrameworksBuildPhase section */

/* Begin PBXGroup section */
		38E90504BD11056DD132E735 /* Frameworks */ = {
			isa = PBXGroup;
			children = (
				66832F73F6BBF40B9147D953 /* Pods_Covid_19_Status.framework */,
			);
			name = Frameworks;
			sourceTree = "<group>";
		};
		5011B25D26A770E90081496B /* Base */ = {
			isa = PBXGroup;
			children = (
				50F0F44726ACBD5000CBCC74 /* BaseTableViewController.swift */,
				50F0F44926ACBD7800CBCC74 /* BaseViewController.swift */,
			);
			path = Base;
			sourceTree = "<group>";
		};
		5011B25E26A770F40081496B /* Services */ = {
			isa = PBXGroup;
			children = (
				5011B26026A771050081496B /* Realm */,
				5011B25F26A770FD0081496B /* Network */,
			);
			path = Services;
			sourceTree = "<group>";
		};
		5011B25F26A770FD0081496B /* Network */ = {
			isa = PBXGroup;
			children = (
				50F0F45526B8163600CBCC74 /* CountryService.swift */,
				50F0F45726B8165A00CBCC74 /* NetworkService.swift */,
				50F0F45926B8167600CBCC74 /* CountryParser.swift */,
			);
			path = Network;
			sourceTree = "<group>";
		};
		5011B26026A771050081496B /* Realm */ = {
			isa = PBXGroup;
			children = (
				50F0F44F26ACBF0B00CBCC74 /* RealmService.swift */,
			);
			path = Realm;
			sourceTree = "<group>";
		};
		507CC20126A76481001A809A = {
			isa = PBXGroup;
			children = (
				507CC20C26A76481001A809A /* Covid-19-Status */,
				507CC20B26A76481001A809A /* Products */,
				E00E3F9DE0580E4BFFB12794 /* Pods */,
				38E90504BD11056DD132E735 /* Frameworks */,
			);
			sourceTree = "<group>";
		};
		507CC20B26A76481001A809A /* Products */ = {
			isa = PBXGroup;
			children = (
				507CC20A26A76481001A809A /* Covid-19-Status.app */,
			);
			name = Products;
			sourceTree = "<group>";
		};
		507CC20C26A76481001A809A /* Covid-19-Status */ = {
			isa = PBXGroup;
			children = (
				5011B25E26A770F40081496B /* Services */,
				5011B25D26A770E90081496B /* Base */,
				507CC20D26A76481001A809A /* AppDelegate.swift */,
				507CC20F26A76481001A809A /* SceneDelegate.swift */,
				50F0F44B26ACBE0100CBCC74 /* CountriesViewController.swift */,
				9B29A8EC26B92729007561A8 /* FavoriteCountriesViewController.swift */,
				50F0F44D26ACBE4400CBCC74 /* CountryItem.swift */,
				5076777E26BB22FF00E4EF9A /* StatsCountryItem.swift */,
				507CC21326A76481001A809A /* Main.storyboard */,
				507CC21926A76484001A809A /* Assets.xcassets */,
				507CC21B26A76484001A809A /* LaunchScreen.storyboard */,
				507CC21E26A76484001A809A /* Info.plist */,
				507CC21626A76481001A809A /* Covid_19_Status.xcdatamodeld */,
				50F0F45126ACC08900CBCC74 /* CountryTableViewCell.swift */,
				50F0F45326ACC6A300CBCC74 /* CovidStatusViewController.swift */,
			);
			path = "Covid-19-Status";
			sourceTree = "<group>";
		};
		E00E3F9DE0580E4BFFB12794 /* Pods */ = {
			isa = PBXGroup;
			children = (
				C473BBDC9DEFCE6E4DBF4A39 /* Pods-Covid-19-Status.debug.xcconfig */,
				7990310A82F7699060218BE8 /* Pods-Covid-19-Status.release.xcconfig */,
			);
			path = Pods;
			sourceTree = "<group>";
		};
/* End PBXGroup section */

/* Begin PBXNativeTarget section */
		507CC20926A76481001A809A /* Covid-19-Status */ = {
			isa = PBXNativeTarget;
			buildConfigurationList = 507CC22126A76484001A809A /* Build configuration list for PBXNativeTarget "Covid-19-Status" */;
			buildPhases = (
				6C596ADE015F0D9B755BC2FD /* [CP] Check Pods Manifest.lock */,
				507CC20626A76481001A809A /* Sources */,
				507CC20726A76481001A809A /* Frameworks */,
				507CC20826A76481001A809A /* Resources */,
				B19F7A5F5A31D077AD79E546 /* [CP] Embed Pods Frameworks */,
			);
			buildRules = (
			);
			dependencies = (
			);
			name = "Covid-19-Status";
			productName = "Covid-19-Status";
			productReference = 507CC20A26A76481001A809A /* Covid-19-Status.app */;
			productType = "com.apple.product-type.application";
		};
/* End PBXNativeTarget section */

/* Begin PBXProject section */
		507CC20226A76481001A809A /* Project object */ = {
			isa = PBXProject;
			attributes = {
				LastSwiftUpdateCheck = 1250;
				LastUpgradeCheck = 1250;
				TargetAttributes = {
					507CC20926A76481001A809A = {
						CreatedOnToolsVersion = 12.5;
					};
				};
			};
			buildConfigurationList = 507CC20526A76481001A809A /* Build configuration list for PBXProject "Covid-19-Status" */;
			compatibilityVersion = "Xcode 9.3";
			developmentRegion = en;
			hasScannedForEncodings = 0;
			knownRegions = (
				en,
				Base,
			);
			mainGroup = 507CC20126A76481001A809A;
			productRefGroup = 507CC20B26A76481001A809A /* Products */;
			projectDirPath = "";
			projectRoot = "";
			targets = (
				507CC20926A76481001A809A /* Covid-19-Status */,
			);
		};
/* End PBXProject section */

/* Begin PBXResourcesBuildPhase section */
		507CC20826A76481001A809A /* Resources */ = {
			isa = PBXResourcesBuildPhase;
			buildActionMask = 2147483647;
			files = (
				507CC21D26A76484001A809A /* LaunchScreen.storyboard in Resources */,
				507CC21A26A76484001A809A /* Assets.xcassets in Resources */,
				507CC21526A76481001A809A /* Main.storyboard in Resources */,
			);
			runOnlyForDeploymentPostprocessing = 0;
		};
/* End PBXResourcesBuildPhase section */

/* Begin PBXShellScriptBuildPhase section */
		6C596ADE015F0D9B755BC2FD /* [CP] Check Pods Manifest.lock */ = {
			isa = PBXShellScriptBuildPhase;
			buildActionMask = 2147483647;
			files = (
			);
			inputFileListPaths = (
			);
			inputPaths = (
				"${PODS_PODFILE_DIR_PATH}/Podfile.lock",
				"${PODS_ROOT}/Manifest.lock",
			);
			name = "[CP] Check Pods Manifest.lock";
			outputFileListPaths = (
			);
			outputPaths = (
				"$(DERIVED_FILE_DIR)/Pods-Covid-19-Status-checkManifestLockResult.txt",
			);
			runOnlyForDeploymentPostprocessing = 0;
			shellPath = /bin/sh;
			shellScript = "diff \"${PODS_PODFILE_DIR_PATH}/Podfile.lock\" \"${PODS_ROOT}/Manifest.lock\" > /dev/null\nif [ $? != 0 ] ; then\n    # print error to STDERR\n    echo \"error: The sandbox is not in sync with the Podfile.lock. Run 'pod install' or update your CocoaPods installation.\" >&2\n    exit 1\nfi\n# This output is used by Xcode 'outputs' to avoid re-running this script phase.\necho \"SUCCESS\" > \"${SCRIPT_OUTPUT_FILE_0}\"\n";
			showEnvVarsInLog = 0;
		};
		B19F7A5F5A31D077AD79E546 /* [CP] Embed Pods Frameworks */ = {
			isa = PBXShellScriptBuildPhase;
			buildActionMask = 2147483647;
			files = (
			);
			inputFileListPaths = (
				"${PODS_ROOT}/Target Support Files/Pods-Covid-19-Status/Pods-Covid-19-Status-frameworks-${CONFIGURATION}-input-files.xcfilelist",
			);
			name = "[CP] Embed Pods Frameworks";
			outputFileListPaths = (
				"${PODS_ROOT}/Target Support Files/Pods-Covid-19-Status/Pods-Covid-19-Status-frameworks-${CONFIGURATION}-output-files.xcfilelist",
			);
			runOnlyForDeploymentPostprocessing = 0;
			shellPath = /bin/sh;
			shellScript = "\"${PODS_ROOT}/Target Support Files/Pods-Covid-19-Status/Pods-Covid-19-Status-frameworks.sh\"\n";
			showEnvVarsInLog = 0;
		};
/* End PBXShellScriptBuildPhase section */

/* Begin PBXSourcesBuildPhase section */
		507CC20626A76481001A809A /* Sources */ = {
			isa = PBXSourcesBuildPhase;
			buildActionMask = 2147483647;
			files = (
				50F0F44C26ACBE0100CBCC74 /* CountriesViewController.swift in Sources */,
				507CC21826A76481001A809A /* Covid_19_Status.xcdatamodeld in Sources */,
				50F0F44826ACBD5000CBCC74 /* BaseTableViewController.swift in Sources */,
				50F0F45626B8163600CBCC74 /* CountryService.swift in Sources */,
				5076777F26BB22FF00E4EF9A /* StatsCountryItem.swift in Sources */,
				50F0F45226ACC08900CBCC74 /* CountryTableViewCell.swift in Sources */,
				50F0F45426ACC6A300CBCC74 /* CovidStatusViewController.swift in Sources */,
				50F0F45026ACBF0B00CBCC74 /* RealmService.swift in Sources */,
				507CC20E26A76481001A809A /* AppDelegate.swift in Sources */,
				507CC21026A76481001A809A /* SceneDelegate.swift in Sources */,
				9B29A8ED26B92729007561A8 /* FavoriteCountriesViewController.swift in Sources */,
				50F0F44A26ACBD7800CBCC74 /* BaseViewController.swift in Sources */,
				50F0F45A26B8167600CBCC74 /* CountryParser.swift in Sources */,
				50F0F45826B8165A00CBCC74 /* NetworkService.swift in Sources */,
				50F0F44E26ACBE4400CBCC74 /* CountryItem.swift in Sources */,
			);
			runOnlyForDeploymentPostprocessing = 0;
		};
/* End PBXSourcesBuildPhase section */

/* Begin PBXVariantGroup section */
		507CC21326A76481001A809A /* Main.storyboard */ = {
			isa = PBXVariantGroup;
			children = (
				507CC21426A76481001A809A /* Base */,
			);
			name = Main.storyboard;
			sourceTree = "<group>";
		};
		507CC21B26A76484001A809A /* LaunchScreen.storyboard */ = {
			isa = PBXVariantGroup;
			children = (
				507CC21C26A76484001A809A /* Base */,
			);
			name = LaunchScreen.storyboard;
			sourceTree = "<group>";
		};
/* End PBXVariantGroup section */

/* Begin XCBuildConfiguration section */
		507CC21F26A76484001A809A /* Debug */ = {
			isa = XCBuildConfiguration;
			buildSettings = {
				ALWAYS_SEARCH_USER_PATHS = NO;
				CLANG_ANALYZER_NONNULL = YES;
				CLANG_ANALYZER_NUMBER_OBJECT_CONVERSION = YES_AGGRESSIVE;
				CLANG_CXX_LANGUAGE_STANDARD = "gnu++14";
				CLANG_CXX_LIBRARY = "libc++";
				CLANG_ENABLE_MODULES = YES;
				CLANG_ENABLE_OBJC_ARC = YES;
				CLANG_ENABLE_OBJC_WEAK = YES;
				CLANG_WARN_BLOCK_CAPTURE_AUTORELEASING = YES;
				CLANG_WARN_BOOL_CONVERSION = YES;
				CLANG_WARN_COMMA = YES;
				CLANG_WARN_CONSTANT_CONVERSION = YES;
				CLANG_WARN_DEPRECATED_OBJC_IMPLEMENTATIONS = YES;
				CLANG_WARN_DIRECT_OBJC_ISA_USAGE = YES_ERROR;
				CLANG_WARN_DOCUMENTATION_COMMENTS = YES;
				CLANG_WARN_EMPTY_BODY = YES;
				CLANG_WARN_ENUM_CONVERSION = YES;
				CLANG_WARN_INFINITE_RECURSION = YES;
				CLANG_WARN_INT_CONVERSION = YES;
				CLANG_WARN_NON_LITERAL_NULL_CONVERSION = YES;
				CLANG_WARN_OBJC_IMPLICIT_RETAIN_SELF = YES;
				CLANG_WARN_OBJC_LITERAL_CONVERSION = YES;
				CLANG_WARN_OBJC_ROOT_CLASS = YES_ERROR;
				CLANG_WARN_QUOTED_INCLUDE_IN_FRAMEWORK_HEADER = YES;
				CLANG_WARN_RANGE_LOOP_ANALYSIS = YES;
				CLANG_WARN_STRICT_PROTOTYPES = YES;
				CLANG_WARN_SUSPICIOUS_MOVE = YES;
				CLANG_WARN_UNGUARDED_AVAILABILITY = YES_AGGRESSIVE;
				CLANG_WARN_UNREACHABLE_CODE = YES;
				CLANG_WARN__DUPLICATE_METHOD_MATCH = YES;
				COPY_PHASE_STRIP = NO;
				DEBUG_INFORMATION_FORMAT = dwarf;
				ENABLE_STRICT_OBJC_MSGSEND = YES;
				ENABLE_TESTABILITY = YES;
				GCC_C_LANGUAGE_STANDARD = gnu11;
				GCC_DYNAMIC_NO_PIC = NO;
				GCC_NO_COMMON_BLOCKS = YES;
				GCC_OPTIMIZATION_LEVEL = 0;
				GCC_PREPROCESSOR_DEFINITIONS = (
					"DEBUG=1",
					"$(inherited)",
				);
				GCC_WARN_64_TO_32_BIT_CONVERSION = YES;
				GCC_WARN_ABOUT_RETURN_TYPE = YES_ERROR;
				GCC_WARN_UNDECLARED_SELECTOR = YES;
				GCC_WARN_UNINITIALIZED_AUTOS = YES_AGGRESSIVE;
				GCC_WARN_UNUSED_FUNCTION = YES;
				GCC_WARN_UNUSED_VARIABLE = YES;
				IPHONEOS_DEPLOYMENT_TARGET = 14.5;
				MTL_ENABLE_DEBUG_INFO = INCLUDE_SOURCE;
				MTL_FAST_MATH = YES;
				ONLY_ACTIVE_ARCH = YES;
				SDKROOT = iphoneos;
				SWIFT_ACTIVE_COMPILATION_CONDITIONS = DEBUG;
				SWIFT_OPTIMIZATION_LEVEL = "-Onone";
			};
			name = Debug;
		};
		507CC22026A76484001A809A /* Release */ = {
			isa = XCBuildConfiguration;
			buildSettings = {
				ALWAYS_SEARCH_USER_PATHS = NO;
				CLANG_ANALYZER_NONNULL = YES;
				CLANG_ANALYZER_NUMBER_OBJECT_CONVERSION = YES_AGGRESSIVE;
				CLANG_CXX_LANGUAGE_STANDARD = "gnu++14";
				CLANG_CXX_LIBRARY = "libc++";
				CLANG_ENABLE_MODULES = YES;
				CLANG_ENABLE_OBJC_ARC = YES;
				CLANG_ENABLE_OBJC_WEAK = YES;
				CLANG_WARN_BLOCK_CAPTURE_AUTORELEASING = YES;
				CLANG_WARN_BOOL_CONVERSION = YES;
				CLANG_WARN_COMMA = YES;
				CLANG_WARN_CONSTANT_CONVERSION = YES;
				CLANG_WARN_DEPRECATED_OBJC_IMPLEMENTATIONS = YES;
				CLANG_WARN_DIRECT_OBJC_ISA_USAGE = YES_ERROR;
				CLANG_WARN_DOCUMENTATION_COMMENTS = YES;
				CLANG_WARN_EMPTY_BODY = YES;
				CLANG_WARN_ENUM_CONVERSION = YES;
				CLANG_WARN_INFINITE_RECURSION = YES;
				CLANG_WARN_INT_CONVERSION = YES;
				CLANG_WARN_NON_LITERAL_NULL_CONVERSION = YES;
				CLANG_WARN_OBJC_IMPLICIT_RETAIN_SELF = YES;
				CLANG_WARN_OBJC_LITERAL_CONVERSION = YES;
				CLANG_WARN_OBJC_ROOT_CLASS = YES_ERROR;
				CLANG_WARN_QUOTED_INCLUDE_IN_FRAMEWORK_HEADER = YES;
				CLANG_WARN_RANGE_LOOP_ANALYSIS = YES;
				CLANG_WARN_STRICT_PROTOTYPES = YES;
				CLANG_WARN_SUSPICIOUS_MOVE = YES;
				CLANG_WARN_UNGUARDED_AVAILABILITY = YES_AGGRESSIVE;
				CLANG_WARN_UNREACHABLE_CODE = YES;
				CLANG_WARN__DUPLICATE_METHOD_MATCH = YES;
				COPY_PHASE_STRIP = NO;
				DEBUG_INFORMATION_FORMAT = "dwarf-with-dsym";
				ENABLE_NS_ASSERTIONS = NO;
				ENABLE_STRICT_OBJC_MSGSEND = YES;
				GCC_C_LANGUAGE_STANDARD = gnu11;
				GCC_NO_COMMON_BLOCKS = YES;
				GCC_WARN_64_TO_32_BIT_CONVERSION = YES;
				GCC_WARN_ABOUT_RETURN_TYPE = YES_ERROR;
				GCC_WARN_UNDECLARED_SELECTOR = YES;
				GCC_WARN_UNINITIALIZED_AUTOS = YES_AGGRESSIVE;
				GCC_WARN_UNUSED_FUNCTION = YES;
				GCC_WARN_UNUSED_VARIABLE = YES;
				IPHONEOS_DEPLOYMENT_TARGET = 14.5;
				MTL_ENABLE_DEBUG_INFO = NO;
				MTL_FAST_MATH = YES;
				SDKROOT = iphoneos;
				SWIFT_COMPILATION_MODE = wholemodule;
				SWIFT_OPTIMIZATION_LEVEL = "-O";
				VALIDATE_PRODUCT = YES;
			};
			name = Release;
		};
		507CC22226A76484001A809A /* Debug */ = {
			isa = XCBuildConfiguration;
			baseConfigurationReference = C473BBDC9DEFCE6E4DBF4A39 /* Pods-Covid-19-Status.debug.xcconfig */;
			buildSettings = {
				ASSETCATALOG_COMPILER_APPICON_NAME = AppIcon;
				ASSETCATALOG_COMPILER_GLOBAL_ACCENT_COLOR_NAME = AccentColor;
				CODE_SIGN_STYLE = Automatic;
				INFOPLIST_FILE = "Covid-19-Status/Info.plist";
				LD_RUNPATH_SEARCH_PATHS = (
					"$(inherited)",
					"@executable_path/Frameworks",
				);
				MARKETING_VERSION = 1.0.0;
				PRODUCT_BUNDLE_IDENTIFIER = "com.max-dev.Covid-19-Status";
				PRODUCT_NAME = "$(TARGET_NAME)";
				SWIFT_VERSION = 5.0;
				TARGETED_DEVICE_FAMILY = "1,2";
			};
			name = Debug;
		};
		507CC22326A76484001A809A /* Release */ = {
			isa = XCBuildConfiguration;
			baseConfigurationReference = 7990310A82F7699060218BE8 /* Pods-Covid-19-Status.release.xcconfig */;
			buildSettings = {
				ASSETCATALOG_COMPILER_APPICON_NAME = AppIcon;
				ASSETCATALOG_COMPILER_GLOBAL_ACCENT_COLOR_NAME = AccentColor;
				CODE_SIGN_STYLE = Automatic;
				INFOPLIST_FILE = "Covid-19-Status/Info.plist";
				LD_RUNPATH_SEARCH_PATHS = (
					"$(inherited)",
					"@executable_path/Frameworks",
				);
				MARKETING_VERSION = 1.0.0;
				PRODUCT_BUNDLE_IDENTIFIER = "com.max-dev.Covid-19-Status";
				PRODUCT_NAME = "$(TARGET_NAME)";
				SWIFT_VERSION = 5.0;
				TARGETED_DEVICE_FAMILY = "1,2";
			};
			name = Release;
		};
/* End XCBuildConfiguration section */

/* Begin XCConfigurationList section */
		507CC20526A76481001A809A /* Build configuration list for PBXProject "Covid-19-Status" */ = {
			isa = XCConfigurationList;
			buildConfigurations = (
				507CC21F26A76484001A809A /* Debug */,
				507CC22026A76484001A809A /* Release */,
			);
			defaultConfigurationIsVisible = 0;
			defaultConfigurationName = Release;
		};
		507CC22126A76484001A809A /* Build configuration list for PBXNativeTarget "Covid-19-Status" */ = {
			isa = XCConfigurationList;
			buildConfigurations = (
				507CC22226A76484001A809A /* Debug */,
				507CC22326A76484001A809A /* Release */,
			);
			defaultConfigurationIsVisible = 0;
			defaultConfigurationName = Release;
		};
/* End XCConfigurationList section */

/* Begin XCVersionGroup section */
		507CC21626A76481001A809A /* Covid_19_Status.xcdatamodeld */ = {
			isa = XCVersionGroup;
			children = (
				507CC21726A76481001A809A /* Covid_19_Status.xcdatamodel */,
			);
			currentVersion = 507CC21726A76481001A809A /* Covid_19_Status.xcdatamodel */;
			path = Covid_19_Status.xcdatamodeld;
			sourceTree = "<group>";
			versionGroupType = wrapper.xcdatamodel;
		};
/* End XCVersionGroup section */
	};
	rootObject = 507CC20226A76481001A809A /* Project object */;
}
